
Microsoft Visual Studio Solution File, Format Version 12.00
# Visual Studio 15
VisualStudioVersion = 15.0.27004.2009
MinimumVisualStudioVersion = 10.0.40219.1
Project("{9A19103F-16F7-4668-BE54-9A1E7A4F7556}") = "AnimalFeedingCalculator", "AnimalFeedingCalculator\AnimalFeedingCalculator.csproj", "{87F27804-A291-4D3B-A15C-1D7BC427C486}"
EndProject
Project("{9A19103F-16F7-4668-BE54-9A1E7A4F7556}") = "UnitTestAnimalFeedingCalculator", "UnitTestAnimalFeedingCalculator\UnitTestAnimalFeedingCalculator.csproj", "{6D304F77-DF2E-47C1-A58B-272985463BA7}"
EndProject
Global
	GlobalSection(SolutionConfigurationPlatforms) = preSolution
		Debug|Any CPU = Debug|Any CPU
		Release|Any CPU = Release|Any CPU
	EndGlobalSection
	GlobalSection(ProjectConfigurationPlatforms) = postSolution
		{87F27804-A291-4D3B-A15C-1D7BC427C486}.Debug|Any CPU.ActiveCfg = Debug|Any CPU
		{87F27804-A291-4D3B-A15C-1D7BC427C486}.Debug|Any CPU.Build.0 = Debug|Any CPU
		{87F27804-A291-4D3B-A15C-1D7BC427C486}.Release|Any CPU.ActiveCfg = Release|Any CPU
		{87F27804-A291-4D3B-A15C-1D7BC427C486}.Release|Any CPU.Build.0 = Release|Any CPU
		{6D304F77-DF2E-47C1-A58B-272985463BA7}.Debug|Any CPU.ActiveCfg = Debug|Any CPU
		{6D304F77-DF2E-47C1-A58B-272985463BA7}.Debug|Any CPU.Build.0 = Debug|Any CPU
		{6D304F77-DF2E-47C1-A58B-272985463BA7}.Release|Any CPU.ActiveCfg = Release|Any CPU
		{6D304F77-DF2E-47C1-A58B-272985463BA7}.Release|Any CPU.Build.0 = Release|Any CPU
	EndGlobalSection
	GlobalSection(SolutionProperties) = preSolution
		HideSolutionNode = FALSE
	EndGlobalSection
	GlobalSection(ExtensibilityGlobals) = postSolution
		SolutionGuid = {06DF9FE1-D36B-4B8C-B341-D5A8BE136414}
	EndGlobalSection
EndGlobal
